
Microsoft Visual Studio Solution File, Format Version 12.00
# Visual Studio Version 17
VisualStudioVersion = 17.14.36518.9 d17.14
MinimumVisualStudioVersion = 10.0.40219.1
Project("{FAE04EC0-301F-11D3-BF4B-00C04F79EFBC}") = "WinFormsApp1", "WinFormsApp1\WinFormsApp1.csproj", "{0129E3D6-E565-456B-981C-3AF148B185E7}"
EndProject
Global
	GlobalSection(SolutionConfigurationPlatforms) = preSolution
		Debug|Any CPU = Debug|Any CPU
		Release|Any CPU = Release|Any CPU
	EndGlobalSection
	GlobalSection(ProjectConfigurationPlatforms) = postSolution
		{0129E3D6-E565-456B-981C-3AF148B185E7}.Debug|Any CPU.ActiveCfg = Debug|Any CPU
		{0129E3D6-E565-456B-981C-3AF148B185E7}.Debug|Any CPU.Build.0 = Debug|Any CPU
		{0129E3D6-E565-456B-981C-3AF148B185E7}.Release|Any CPU.ActiveCfg = Release|Any CPU
		{0129E3D6-E565-456B-981C-3AF148B185E7}.Release|Any CPU.Build.0 = Release|Any CPU
	EndGlobalSection
	GlobalSection(SolutionProperties) = preSolution
		HideSolutionNode = FALSE
	EndGlobalSection
	GlobalSection(ExtensibilityGlobals) = postSolution
		SolutionGuid = {4DF29F41-A6A2-4656-9582-DBD1EB502806}
	EndGlobalSection
EndGlobal
